// !$*UTF8*$!
{
	archiveVersion = 1;
	classes = {
	};
	objectVersion = 56;
	objects = {

/* Begin PBXBuildFile section */
		35D227C728D25AEB0048DB68 /* PlantTrackerApp.swift in Sources */ = {isa = PBXBuildFile; fileRef = 35D227C628D25AEB0048DB68 /* PlantTrackerApp.swift */; };
		35D227C928D25AEB0048DB68 /* ContentView.swift in Sources */ = {isa = PBXBuildFile; fileRef = 35D227C828D25AEB0048DB68 /* ContentView.swift */; };
		35D227CB28D25AED0048DB68 /* Assets.xcassets in Resources */ = {isa = PBXBuildFile; fileRef = 35D227CA28D25AED0048DB68 /* Assets.xcassets */; };
		35D227CE28D25AED0048DB68 /* Preview Assets.xcassets in Resources */ = {isa = PBXBuildFile; fileRef = 35D227CD28D25AED0048DB68 /* Preview Assets.xcassets */; };
		35D227D828D25AED0048DB68 /* PlantTrackerTests.swift in Sources */ = {isa = PBXBuildFile; fileRef = 35D227D728D25AED0048DB68 /* PlantTrackerTests.swift */; };
		35D227E228D25AED0048DB68 /* PlantTrackerUITests.swift in Sources */ = {isa = PBXBuildFile; fileRef = 35D227E128D25AED0048DB68 /* PlantTrackerUITests.swift */; };
		35D227E428D25AED0048DB68 /* PlantTrackerUITestsLaunchTests.swift in Sources */ = {isa = PBXBuildFile; fileRef = 35D227E328D25AED0048DB68 /* PlantTrackerUITestsLaunchTests.swift */; };
		35D227F228D26E530048DB68 /* Plant.swift in Sources */ = {isa = PBXBuildFile; fileRef = 35D227F128D26E530048DB68 /* Plant.swift */; };
		35D227F428D273DC0048DB68 /* PlantList.swift in Sources */ = {isa = PBXBuildFile; fileRef = 35D227F328D273DC0048DB68 /* PlantList.swift */; };
		35D227F828D27B460048DB68 /* plantRow.swift in Sources */ = {isa = PBXBuildFile; fileRef = 35D227F728D27B460048DB68 /* plantRow.swift */; };
		35D524E728D8FE3C00089707 /* AddView.swift in Sources */ = {isa = PBXBuildFile; fileRef = 35D524E628D8FE3C00089707 /* AddView.swift */; };
		35D524E928D8FEC000089707 /* UpdateView.swift in Sources */ = {isa = PBXBuildFile; fileRef = 35D524E828D8FEC000089707 /* UpdateView.swift */; };
/* End PBXBuildFile section */

/* Begin PBXContainerItemProxy section */
		35D227D428D25AED0048DB68 /* PBXContainerItemProxy */ = {
			isa = PBXContainerItemProxy;
			containerPortal = 35D227BB28D25AEB0048DB68 /* Project object */;
			proxyType = 1;
			remoteGlobalIDString = 35D227C228D25AEB0048DB68;
			remoteInfo = PlantTracker;
		};
		35D227DE28D25AED0048DB68 /* PBXContainerItemProxy */ = {
			isa = PBXContainerItemProxy;
			containerPortal = 35D227BB28D25AEB0048DB68 /* Project object */;
			proxyType = 1;
			remoteGlobalIDString = 35D227C228D25AEB0048DB68;
			remoteInfo = PlantTracker;
		};
/* End PBXContainerItemProxy section */

/* Begin PBXFileReference section */
		35D227C328D25AEB0048DB68 /* PlantTracker.app */ = {isa = PBXFileReference; explicitFileType = wrapper.application; includeInIndex = 0; path = PlantTracker.app; sourceTree = BUILT_PRODUCTS_DIR; };
		35D227C628D25AEB0048DB68 /* PlantTrackerApp.swift */ = {isa = PBXFileReference; lastKnownFileType = sourcecode.swift; path = PlantTrackerApp.swift; sourceTree = "<group>"; };
		35D227C828D25AEB0048DB68 /* ContentView.swift */ = {isa = PBXFileReference; lastKnownFileType = sourcecode.swift; path = ContentView.swift; sourceTree = "<group>"; };
		35D227CA28D25AED0048DB68 /* Assets.xcassets */ = {isa = PBXFileReference; lastKnownFileType = folder.assetcatalog; path = Assets.xcassets; sourceTree = "<group>"; };
		35D227CD28D25AED0048DB68 /* Preview Assets.xcassets */ = {isa = PBXFileReference; lastKnownFileType = folder.assetcatalog; path = "Preview Assets.xcassets"; sourceTree = "<group>"; };
		35D227D328D25AED0048DB68 /* PlantTrackerTests.xctest */ = {isa = PBXFileReference; explicitFileType = wrapper.cfbundle; includeInIndex = 0; path = PlantTrackerTests.xctest; sourceTree = BUILT_PRODUCTS_DIR; };
		35D227D728D25AED0048DB68 /* PlantTrackerTests.swift */ = {isa = PBXFileReference; lastKnownFileType = sourcecode.swift; path = PlantTrackerTests.swift; sourceTree = "<group>"; };
		35D227DD28D25AED0048DB68 /* PlantTrackerUITests.xctest */ = {isa = PBXFileReference; explicitFileType = wrapper.cfbundle; includeInIndex = 0; path = PlantTrackerUITests.xctest; sourceTree = BUILT_PRODUCTS_DIR; };
		35D227E128D25AED0048DB68 /* PlantTrackerUITests.swift */ = {isa = PBXFileReference; lastKnownFileType = sourcecode.swift; path = PlantTrackerUITests.swift; sourceTree = "<group>"; };
		35D227E328D25AED0048DB68 /* PlantTrackerUITestsLaunchTests.swift */ = {isa = PBXFileReference; lastKnownFileType = sourcecode.swift; path = PlantTrackerUITestsLaunchTests.swift; sourceTree = "<group>"; };
		35D227F128D26E530048DB68 /* Plant.swift */ = {isa = PBXFileReference; lastKnownFileType = sourcecode.swift; path = Plant.swift; sourceTree = "<group>"; };
		35D227F328D273DC0048DB68 /* PlantList.swift */ = {isa = PBXFileReference; lastKnownFileType = sourcecode.swift; path = PlantList.swift; sourceTree = "<group>"; };
		35D227F728D27B460048DB68 /* plantRow.swift */ = {isa = PBXFileReference; lastKnownFileType = sourcecode.swift; name = plantRow.swift; path = PlantTracker/plantRow.swift; sourceTree = SOURCE_ROOT; };
		35D524E628D8FE3C00089707 /* AddView.swift */ = {isa = PBXFileReference; lastKnownFileType = sourcecode.swift; path = AddView.swift; sourceTree = "<group>"; };
		35D524E828D8FEC000089707 /* UpdateView.swift */ = {isa = PBXFileReference; lastKnownFileType = sourcecode.swift; path = UpdateView.swift; sourceTree = "<group>"; };
/* End PBXFileReference section */

/* Begin PBXFrameworksBuildPhase section */
		35D227C028D25AEB0048DB68 /* Frameworks */ = {
			isa = PBXFrameworksBuildPhase;
			buildActionMask = 2147483647;
			files = (
			);
			runOnlyForDeploymentPostprocessing = 0;
		};
		35D227D028D25AED0048DB68 /* Frameworks */ = {
			isa = PBXFrameworksBuildPhase;
			buildActionMask = 2147483647;
			files = (
			);
			runOnlyForDeploymentPostprocessing = 0;
		};
		35D227DA28D25AED0048DB68 /* Frameworks */ = {
			isa = PBXFrameworksBuildPhase;
			buildActionMask = 2147483647;
			files = (
			);
			runOnlyForDeploymentPostprocessing = 0;
		};
/* End PBXFrameworksBuildPhase section */

/* Begin PBXGroup section */
		35D227BA28D25AEB0048DB68 = {
			isa = PBXGroup;
			children = (
				35D227C528D25AEB0048DB68 /* PlantTracker */,
				35D227D628D25AED0048DB68 /* PlantTrackerTests */,
				35D227E028D25AED0048DB68 /* PlantTrackerUITests */,
				35D227C428D25AEB0048DB68 /* Products */,
			);
			sourceTree = "<group>";
		};
		35D227C428D25AEB0048DB68 /* Products */ = {
			isa = PBXGroup;
			children = (
				35D227C328D25AEB0048DB68 /* PlantTracker.app */,
				35D227D328D25AED0048DB68 /* PlantTrackerTests.xctest */,
				35D227DD28D25AED0048DB68 /* PlantTrackerUITests.xctest */,
			);
			name = Products;
			sourceTree = "<group>";
		};
		35D227C528D25AEB0048DB68 /* PlantTracker */ = {
			isa = PBXGroup;
			children = (
				35D524EA28D8FFF100089707 /* Views */,
				35D227F028D26E2B0048DB68 /* Models */,
				35D227C628D25AEB0048DB68 /* PlantTrackerApp.swift */,
				35D227CA28D25AED0048DB68 /* Assets.xcassets */,
				35D227CC28D25AED0048DB68 /* Preview Content */,
			);
			path = PlantTracker;
			sourceTree = "<group>";
		};
		35D227CC28D25AED0048DB68 /* Preview Content */ = {
			isa = PBXGroup;
			children = (
				35D227CD28D25AED0048DB68 /* Preview Assets.xcassets */,
			);
			path = "Preview Content";
			sourceTree = "<group>";
		};
		35D227D628D25AED0048DB68 /* PlantTrackerTests */ = {
			isa = PBXGroup;
			children = (
				35D227D728D25AED0048DB68 /* PlantTrackerTests.swift */,
			);
			path = PlantTrackerTests;
			sourceTree = "<group>";
		};
		35D227E028D25AED0048DB68 /* PlantTrackerUITests */ = {
			isa = PBXGroup;
			children = (
				35D227E128D25AED0048DB68 /* PlantTrackerUITests.swift */,
				35D227E328D25AED0048DB68 /* PlantTrackerUITestsLaunchTests.swift */,
			);
			path = PlantTrackerUITests;
			sourceTree = "<group>";
		};
		35D227F028D26E2B0048DB68 /* Models */ = {
			isa = PBXGroup;
			children = (
				35D227F128D26E530048DB68 /* Plant.swift */,
				35D227F328D273DC0048DB68 /* PlantList.swift */,
				35D227F728D27B460048DB68 /* plantRow.swift */,
			);
			path = Models;
			sourceTree = "<group>";
		};
		35D524EA28D8FFF100089707 /* Views */ = {
			isa = PBXGroup;
			children = (
				35D524E828D8FEC000089707 /* UpdateView.swift */,
				35D227C828D25AEB0048DB68 /* ContentView.swift */,
				35D524E628D8FE3C00089707 /* AddView.swift */,
			);
			path = Views;
			sourceTree = "<group>";
		};
/* End PBXGroup section */

/* Begin PBXNativeTarget section */
		35D227C228D25AEB0048DB68 /* PlantTracker */ = {
			isa = PBXNativeTarget;
			buildConfigurationList = 35D227E728D25AED0048DB68 /* Build configuration list for PBXNativeTarget "PlantTracker" */;
			buildPhases = (
				35D227BF28D25AEB0048DB68 /* Sources */,
				35D227C028D25AEB0048DB68 /* Frameworks */,
				35D227C128D25AEB0048DB68 /* Resources */,
			);
			buildRules = (
			);
			dependencies = (
			);
			name = PlantTracker;
			productName = PlantTracker;
			productReference = 35D227C328D25AEB0048DB68 /* PlantTracker.app */;
			productType = "com.apple.product-type.application";
		};
		35D227D228D25AED0048DB68 /* PlantTrackerTests */ = {
			isa = PBXNativeTarget;
			buildConfigurationList = 35D227EA28D25AED0048DB68 /* Build configuration list for PBXNativeTarget "PlantTrackerTests" */;
			buildPhases = (
				35D227CF28D25AED0048DB68 /* Sources */,
				35D227D028D25AED0048DB68 /* Frameworks */,
				35D227D128D25AED0048DB68 /* Resources */,
			);
			buildRules = (
			);
			dependencies = (
				35D227D528D25AED0048DB68 /* PBXTargetDependency */,
			);
			name = PlantTrackerTests;
			productName = PlantTrackerTests;
			productReference = 35D227D328D25AED0048DB68 /* PlantTrackerTests.xctest */;
			productType = "com.apple.product-type.bundle.unit-test";
		};
		35D227DC28D25AED0048DB68 /* PlantTrackerUITests */ = {
			isa = PBXNativeTarget;
			buildConfigurationList = 35D227ED28D25AED0048DB68 /* Build configuration list for PBXNativeTarget "PlantTrackerUITests" */;
			buildPhases = (
				35D227D928D25AED0048DB68 /* Sources */,
				35D227DA28D25AED0048DB68 /* Frameworks */,
				35D227DB28D25AED0048DB68 /* Resources */,
			);
			buildRules = (
			);
			dependencies = (
				35D227DF28D25AED0048DB68 /* PBXTargetDependency */,
			);
			name = PlantTrackerUITests;
			productName = PlantTrackerUITests;
			productReference = 35D227DD28D25AED0048DB68 /* PlantTrackerUITests.xctest */;
			productType = "com.apple.product-type.bundle.ui-testing";
		};
/* End PBXNativeTarget section */

/* Begin PBXProject section */
		35D227BB28D25AEB0048DB68 /* Project object */ = {
			isa = PBXProject;
			attributes = {
				BuildIndependentTargetsInParallel = 1;
				LastSwiftUpdateCheck = 1400;
				LastUpgradeCheck = 1400;
				TargetAttributes = {
					35D227C228D25AEB0048DB68 = {
						CreatedOnToolsVersion = 14.0;
					};
					35D227D228D25AED0048DB68 = {
						CreatedOnToolsVersion = 14.0;
						TestTargetID = 35D227C228D25AEB0048DB68;
					};
					35D227DC28D25AED0048DB68 = {
						CreatedOnToolsVersion = 14.0;
						TestTargetID = 35D227C228D25AEB0048DB68;
					};
				};
			};
			buildConfigurationList = 35D227BE28D25AEB0048DB68 /* Build configuration list for PBXProject "PlantTracker" */;
			compatibilityVersion = "Xcode 14.0";
			developmentRegion = en;
			hasScannedForEncodings = 0;
			knownRegions = (
				en,
				Base,
			);
			mainGroup = 35D227BA28D25AEB0048DB68;
			productRefGroup = 35D227C428D25AEB0048DB68 /* Products */;
			projectDirPath = "";
			projectRoot = "";
			targets = (
				35D227C228D25AEB0048DB68 /* PlantTracker */,
				35D227D228D25AED0048DB68 /* PlantTrackerTests */,
				35D227DC28D25AED0048DB68 /* PlantTrackerUITests */,
			);
		};
/* End PBXProject section */

/* Begin PBXResourcesBuildPhase section */
		35D227C128D25AEB0048DB68 /* Resources */ = {
			isa = PBXResourcesBuildPhase;
			buildActionMask = 2147483647;
			files = (
				35D227CE28D25AED0048DB68 /* Preview Assets.xcassets in Resources */,
				35D227CB28D25AED0048DB68 /* Assets.xcassets in Resources */,
			);
			runOnlyForDeploymentPostprocessing = 0;
		};
		35D227D128D25AED0048DB68 /* Resources */ = {
			isa = PBXResourcesBuildPhase;
			buildActionMask = 2147483647;
			files = (
			);
			runOnlyForDeploymentPostprocessing = 0;
		};
		35D227DB28D25AED0048DB68 /* Resources */ = {
			isa = PBXResourcesBuildPhase;
			buildActionMask = 2147483647;
			files = (
			);
			runOnlyForDeploymentPostprocessing = 0;
		};
/* End PBXResourcesBuildPhase section */

/* Begin PBXSourcesBuildPhase section */
		35D227BF28D25AEB0048DB68 /* Sources */ = {
			isa = PBXSourcesBuildPhase;
			buildActionMask = 2147483647;
			files = (
				35D227C928D25AEB0048DB68 /* ContentView.swift in Sources */,
				35D227F428D273DC0048DB68 /* PlantList.swift in Sources */,
				35D524E728D8FE3C00089707 /* AddView.swift in Sources */,
				35D227F228D26E530048DB68 /* Plant.swift in Sources */,
				35D227F828D27B460048DB68 /* plantRow.swift in Sources */,
				35D524E928D8FEC000089707 /* UpdateView.swift in Sources */,
				35D227C728D25AEB0048DB68 /* PlantTrackerApp.swift in Sources */,
			);
			runOnlyForDeploymentPostprocessing = 0;
		};
		35D227CF28D25AED0048DB68 /* Sources */ = {
			isa = PBXSourcesBuildPhase;
			buildActionMask = 2147483647;
			files = (
				35D227D828D25AED0048DB68 /* PlantTrackerTests.swift in Sources */,
			);
			runOnlyForDeploymentPostprocessing = 0;
		};
		35D227D928D25AED0048DB68 /* Sources */ = {
			isa = PBXSourcesBuildPhase;
			buildActionMask = 2147483647;
			files = (
				35D227E228D25AED0048DB68 /* PlantTrackerUITests.swift in Sources */,
				35D227E428D25AED0048DB68 /* PlantTrackerUITestsLaunchTests.swift in Sources */,
			);
			runOnlyForDeploymentPostprocessing = 0;
		};
/* End PBXSourcesBuildPhase section */

/* Begin PBXTargetDependency section */
		35D227D528D25AED0048DB68 /* PBXTargetDependency */ = {
			isa = PBXTargetDependency;
			target = 35D227C228D25AEB0048DB68 /* PlantTracker */;
			targetProxy = 35D227D428D25AED0048DB68 /* PBXContainerItemProxy */;
		};
		35D227DF28D25AED0048DB68 /* PBXTargetDependency */ = {
			isa = PBXTargetDependency;
			target = 35D227C228D25AEB0048DB68 /* PlantTracker */;
			targetProxy = 35D227DE28D25AED0048DB68 /* PBXContainerItemProxy */;
		};
/* End PBXTargetDependency section */

/* Begin XCBuildConfiguration section */
		35D227E528D25AED0048DB68 /* Debug */ = {
			isa = XCBuildConfiguration;
			buildSettings = {
				ALWAYS_SEARCH_USER_PATHS = NO;
				CLANG_ANALYZER_NONNULL = YES;
				CLANG_ANALYZER_NUMBER_OBJECT_CONVERSION = YES_AGGRESSIVE;
				CLANG_CXX_LANGUAGE_STANDARD = "gnu++20";
				CLANG_ENABLE_MODULES = YES;
				CLANG_ENABLE_OBJC_ARC = YES;
				CLANG_ENABLE_OBJC_WEAK = YES;
				CLANG_WARN_BLOCK_CAPTURE_AUTORELEASING = YES;
				CLANG_WARN_BOOL_CONVERSION = YES;
				CLANG_WARN_COMMA = YES;
				CLANG_WARN_CONSTANT_CONVERSION = YES;
				CLANG_WARN_DEPRECATED_OBJC_IMPLEMENTATIONS = YES;
				CLANG_WARN_DIRECT_OBJC_ISA_USAGE = YES_ERROR;
				CLANG_WARN_DOCUMENTATION_COMMENTS = YES;
				CLANG_WARN_EMPTY_BODY = YES;
				CLANG_WARN_ENUM_CONVERSION = YES;
				CLANG_WARN_INFINITE_RECURSION = YES;
				CLANG_WARN_INT_CONVERSION = YES;
				CLANG_WARN_NON_LITERAL_NULL_CONVERSION = YES;
				CLANG_WARN_OBJC_IMPLICIT_RETAIN_SELF = YES;
				CLANG_WARN_OBJC_LITERAL_CONVERSION = YES;
				CLANG_WARN_OBJC_ROOT_CLASS = YES_ERROR;
				CLANG_WARN_QUOTED_INCLUDE_IN_FRAMEWORK_HEADER = YES;
				CLANG_WARN_RANGE_LOOP_ANALYSIS = YES;
				CLANG_WARN_STRICT_PROTOTYPES = YES;
				CLANG_WARN_SUSPICIOUS_MOVE = YES;
				CLANG_WARN_UNGUARDED_AVAILABILITY = YES_AGGRESSIVE;
				CLANG_WARN_UNREACHABLE_CODE = YES;
				CLANG_WARN__DUPLICATE_METHOD_MATCH = YES;
				COPY_PHASE_STRIP = NO;
				DEBUG_INFORMATION_FORMAT = dwarf;
				ENABLE_STRICT_OBJC_MSGSEND = YES;
				ENABLE_TESTABILITY = YES;
				GCC_C_LANGUAGE_STANDARD = gnu11;
				GCC_DYNAMIC_NO_PIC = NO;
				GCC_NO_COMMON_BLOCKS = YES;
				GCC_OPTIMIZATION_LEVEL = 0;
				GCC_PREPROCESSOR_DEFINITIONS = (
					"DEBUG=1",
					"$(inherited)",
				);
				GCC_WARN_64_TO_32_BIT_CONVERSION = YES;
				GCC_WARN_ABOUT_RETURN_TYPE = YES_ERROR;
				GCC_WARN_UNDECLARED_SELECTOR = YES;
				GCC_WARN_UNINITIALIZED_AUTOS = YES_AGGRESSIVE;
				GCC_WARN_UNUSED_FUNCTION = YES;
				GCC_WARN_UNUSED_VARIABLE = YES;
				IPHONEOS_DEPLOYMENT_TARGET = 16.0;
				MTL_ENABLE_DEBUG_INFO = INCLUDE_SOURCE;
				MTL_FAST_MATH = YES;
				ONLY_ACTIVE_ARCH = YES;
				SDKROOT = iphoneos;
				SWIFT_ACTIVE_COMPILATION_CONDITIONS = DEBUG;
				SWIFT_OPTIMIZATION_LEVEL = "-Onone";
			};
			name = Debug;
		};
		35D227E628D25AED0048DB68 /* Release */ = {
			isa = XCBuildConfiguration;
			buildSettings = {
				ALWAYS_SEARCH_USER_PATHS = NO;
				CLANG_ANALYZER_NONNULL = YES;
				CLANG_ANALYZER_NUMBER_OBJECT_CONVERSION = YES_AGGRESSIVE;
				CLANG_CXX_LANGUAGE_STANDARD = "gnu++20";
				CLANG_ENABLE_MODULES = YES;
				CLANG_ENABLE_OBJC_ARC = YES;
				CLANG_ENABLE_OBJC_WEAK = YES;
				CLANG_WARN_BLOCK_CAPTURE_AUTORELEASING = YES;
				CLANG_WARN_BOOL_CONVERSION = YES;
				CLANG_WARN_COMMA = YES;
				CLANG_WARN_CONSTANT_CONVERSION = YES;
				CLANG_WARN_DEPRECATED_OBJC_IMPLEMENTATIONS = YES;
				CLANG_WARN_DIRECT_OBJC_ISA_USAGE = YES_ERROR;
				CLANG_WARN_DOCUMENTATION_COMMENTS = YES;
				CLANG_WARN_EMPTY_BODY = YES;
				CLANG_WARN_ENUM_CONVERSION = YES;
				CLANG_WARN_INFINITE_RECURSION = YES;
				CLANG_WARN_INT_CONVERSION = YES;
				CLANG_WARN_NON_LITERAL_NULL_CONVERSION = YES;
				CLANG_WARN_OBJC_IMPLICIT_RETAIN_SELF = YES;
				CLANG_WARN_OBJC_LITERAL_CONVERSION = YES;
				CLANG_WARN_OBJC_ROOT_CLASS = YES_ERROR;
				CLANG_WARN_QUOTED_INCLUDE_IN_FRAMEWORK_HEADER = YES;
				CLANG_WARN_RANGE_LOOP_ANALYSIS = YES;
				CLANG_WARN_STRICT_PROTOTYPES = YES;
				CLANG_WARN_SUSPICIOUS_MOVE = YES;
				CLANG_WARN_UNGUARDED_AVAILABILITY = YES_AGGRESSIVE;
				CLANG_WARN_UNREACHABLE_CODE = YES;
				CLANG_WARN__DUPLICATE_METHOD_MATCH = YES;
				COPY_PHASE_STRIP = NO;
				DEBUG_INFORMATION_FORMAT = "dwarf-with-dsym";
				ENABLE_NS_ASSERTIONS = NO;
				ENABLE_STRICT_OBJC_MSGSEND = YES;
				GCC_C_LANGUAGE_STANDARD = gnu11;
				GCC_NO_COMMON_BLOCKS = YES;
				GCC_WARN_64_TO_32_BIT_CONVERSION = YES;
				GCC_WARN_ABOUT_RETURN_TYPE = YES_ERROR;
				GCC_WARN_UNDECLARED_SELECTOR = YES;
				GCC_WARN_UNINITIALIZED_AUTOS = YES_AGGRESSIVE;
				GCC_WARN_UNUSED_FUNCTION = YES;
				GCC_WARN_UNUSED_VARIABLE = YES;
				IPHONEOS_DEPLOYMENT_TARGET = 16.0;
				MTL_ENABLE_DEBUG_INFO = NO;
				MTL_FAST_MATH = YES;
				SDKROOT = iphoneos;
				SWIFT_COMPILATION_MODE = wholemodule;
				SWIFT_OPTIMIZATION_LEVEL = "-O";
				VALIDATE_PRODUCT = YES;
			};
			name = Release;
		};
		35D227E828D25AED0048DB68 /* Debug */ = {
			isa = XCBuildConfiguration;
			buildSettings = {
				ASSETCATALOG_COMPILER_APPICON_NAME = AppIcon;
				ASSETCATALOG_COMPILER_GLOBAL_ACCENT_COLOR_NAME = AccentColor;
				CODE_SIGN_STYLE = Automatic;
				CURRENT_PROJECT_VERSION = 1;
				DEVELOPMENT_ASSET_PATHS = "\"PlantTracker/Preview Content\"";
				ENABLE_PREVIEWS = YES;
				GENERATE_INFOPLIST_FILE = YES;
				INFOPLIST_KEY_UIApplicationSceneManifest_Generation = YES;
				INFOPLIST_KEY_UIApplicationSupportsIndirectInputEvents = YES;
				INFOPLIST_KEY_UILaunchScreen_Generation = YES;
				INFOPLIST_KEY_UISupportedInterfaceOrientations_iPad = "UIInterfaceOrientationPortrait UIInterfaceOrientationPortraitUpsideDown UIInterfaceOrientationLandscapeLeft UIInterfaceOrientationLandscapeRight";
				INFOPLIST_KEY_UISupportedInterfaceOrientations_iPhone = "UIInterfaceOrientationPortrait UIInterfaceOrientationLandscapeLeft UIInterfaceOrientationLandscapeRight";
				LD_RUNPATH_SEARCH_PATHS = (
					"$(inherited)",
					"@executable_path/Frameworks",
				);
				MARKETING_VERSION = 1.0;
				PRODUCT_BUNDLE_IDENTIFIER = anjala.PlantTracker;
				PRODUCT_NAME = "$(TARGET_NAME)";
				SWIFT_EMIT_LOC_STRINGS = YES;
				SWIFT_VERSION = 5.0;
				TARGETED_DEVICE_FAMILY = "1,2";
			};
			name = Debug;
		};
		35D227E928D25AED0048DB68 /* Release */ = {
			isa = XCBuildConfiguration;
			buildSettings = {
				ASSETCATALOG_COMPILER_APPICON_NAME = AppIcon;
				ASSETCATALOG_COMPILER_GLOBAL_ACCENT_COLOR_NAME = AccentColor;
				CODE_SIGN_STYLE = Automatic;
				CURRENT_PROJECT_VERSION = 1;
				DEVELOPMENT_ASSET_PATHS = "\"PlantTracker/Preview Content\"";
				ENABLE_PREVIEWS = YES;
				GENERATE_INFOPLIST_FILE = YES;
				INFOPLIST_KEY_UIApplicationSceneManifest_Generation = YES;
				INFOPLIST_KEY_UIApplicationSupportsIndirectInputEvents = YES;
				INFOPLIST_KEY_UILaunchScreen_Generation = YES;
				INFOPLIST_KEY_UISupportedInterfaceOrientations_iPad = "UIInterfaceOrientationPortrait UIInterfaceOrientationPortraitUpsideDown UIInterfaceOrientationLandscapeLeft UIInterfaceOrientationLandscapeRight";
				INFOPLIST_KEY_UISupportedInterfaceOrientations_iPhone = "UIInterfaceOrientationPortrait UIInterfaceOrientationLandscapeLeft UIInterfaceOrientationLandscapeRight";
				LD_RUNPATH_SEARCH_PATHS = (
					"$(inherited)",
					"@executable_path/Frameworks",
				);
				MARKETING_VERSION = 1.0;
				PRODUCT_BUNDLE_IDENTIFIER = anjala.PlantTracker;
				PRODUCT_NAME = "$(TARGET_NAME)";
				SWIFT_EMIT_LOC_STRINGS = YES;
				SWIFT_VERSION = 5.0;
				TARGETED_DEVICE_FAMILY = "1,2";
			};
			name = Release;
		};
		35D227EB28D25AED0048DB68 /* Debug */ = {
			isa = XCBuildConfiguration;
			buildSettings = {
				ALWAYS_EMBED_SWIFT_STANDARD_LIBRARIES = YES;
				BUNDLE_LOADER = "$(TEST_HOST)";
				CODE_SIGN_STYLE = Automatic;
				CURRENT_PROJECT_VERSION = 1;
				GENERATE_INFOPLIST_FILE = YES;
				IPHONEOS_DEPLOYMENT_TARGET = 16.0;
				MARKETING_VERSION = 1.0;
				PRODUCT_BUNDLE_IDENTIFIER = anjala.PlantTrackerTests;
				PRODUCT_NAME = "$(TARGET_NAME)";
				SWIFT_EMIT_LOC_STRINGS = NO;
				SWIFT_VERSION = 5.0;
				TARGETED_DEVICE_FAMILY = "1,2";
				TEST_HOST = "$(BUILT_PRODUCTS_DIR)/PlantTracker.app/$(BUNDLE_EXECUTABLE_FOLDER_PATH)/PlantTracker";
			};
			name = Debug;
		};
		35D227EC28D25AED0048DB68 /* Release */ = {
			isa = XCBuildConfiguration;
			buildSettings = {
				ALWAYS_EMBED_SWIFT_STANDARD_LIBRARIES = YES;
				BUNDLE_LOADER = "$(TEST_HOST)";
				CODE_SIGN_STYLE = Automatic;
				CURRENT_PROJECT_VERSION = 1;
				GENERATE_INFOPLIST_FILE = YES;
				IPHONEOS_DEPLOYMENT_TARGET = 16.0;
				MARKETING_VERSION = 1.0;
				PRODUCT_BUNDLE_IDENTIFIER = anjala.PlantTrackerTests;
				PRODUCT_NAME = "$(TARGET_NAME)";
				SWIFT_EMIT_LOC_STRINGS = NO;
				SWIFT_VERSION = 5.0;
				TARGETED_DEVICE_FAMILY = "1,2";
				TEST_HOST = "$(BUILT_PRODUCTS_DIR)/PlantTracker.app/$(BUNDLE_EXECUTABLE_FOLDER_PATH)/PlantTracker";
			};
			name = Release;
		};
		35D227EE28D25AED0048DB68 /* Debug */ = {
			isa = XCBuildConfiguration;
			buildSettings = {
				ALWAYS_EMBED_SWIFT_STANDARD_LIBRARIES = YES;
				CODE_SIGN_STYLE = Automatic;
				CURRENT_PROJECT_VERSION = 1;
				GENERATE_INFOPLIST_FILE = YES;
				MARKETING_VERSION = 1.0;
				PRODUCT_BUNDLE_IDENTIFIER = anjala.PlantTrackerUITests;
				PRODUCT_NAME = "$(TARGET_NAME)";
				SWIFT_EMIT_LOC_STRINGS = NO;
				SWIFT_VERSION = 5.0;
				TARGETED_DEVICE_FAMILY = "1,2";
				TEST_TARGET_NAME = PlantTracker;
			};
			name = Debug;
		};
		35D227EF28D25AED0048DB68 /* Release */ = {
			isa = XCBuildConfiguration;
			buildSettings = {
				ALWAYS_EMBED_SWIFT_STANDARD_LIBRARIES = YES;
				CODE_SIGN_STYLE = Automatic;
				CURRENT_PROJECT_VERSION = 1;
				GENERATE_INFOPLIST_FILE = YES;
				MARKETING_VERSION = 1.0;
				PRODUCT_BUNDLE_IDENTIFIER = anjala.PlantTrackerUITests;
				PRODUCT_NAME = "$(TARGET_NAME)";
				SWIFT_EMIT_LOC_STRINGS = NO;
				SWIFT_VERSION = 5.0;
				TARGETED_DEVICE_FAMILY = "1,2";
				TEST_TARGET_NAME = PlantTracker;
			};
			name = Release;
		};
/* End XCBuildConfiguration section */

/* Begin XCConfigurationList section */
		35D227BE28D25AEB0048DB68 /* Build configuration list for PBXProject "PlantTracker" */ = {
			isa = XCConfigurationList;
			buildConfigurations = (
				35D227E528D25AED0048DB68 /* Debug */,
				35D227E628D25AED0048DB68 /* Release */,
			);
			defaultConfigurationIsVisible = 0;
			defaultConfigurationName = Release;
		};
		35D227E728D25AED0048DB68 /* Build configuration list for PBXNativeTarget "PlantTracker" */ = {
			isa = XCConfigurationList;
			buildConfigurations = (
				35D227E828D25AED0048DB68 /* Debug */,
				35D227E928D25AED0048DB68 /* Release */,
			);
			defaultConfigurationIsVisible = 0;
			defaultConfigurationName = Release;
		};
		35D227EA28D25AED0048DB68 /* Build configuration list for PBXNativeTarget "PlantTrackerTests" */ = {
			isa = XCConfigurationList;
			buildConfigurations = (
				35D227EB28D25AED0048DB68 /* Debug */,
				35D227EC28D25AED0048DB68 /* Release */,
			);
			defaultConfigurationIsVisible = 0;
			defaultConfigurationName = Release;
		};
		35D227ED28D25AED0048DB68 /* Build configuration list for PBXNativeTarget "PlantTrackerUITests" */ = {
			isa = XCConfigurationList;
			buildConfigurations = (
				35D227EE28D25AED0048DB68 /* Debug */,
				35D227EF28D25AED0048DB68 /* Release */,
			);
			defaultConfigurationIsVisible = 0;
			defaultConfigurationName = Release;
		};
/* End XCConfigurationList section */
	};
	rootObject = 35D227BB28D25AEB0048DB68 /* Project object */;
}
